
Microsoft Visual Studio Solution File, Format Version 12.00
# Visual Studio Version 17
VisualStudioVersion = 17.10.34916.146
MinimumVisualStudioVersion = 10.0.40219.1
Project("{2150E333-8FDC-42A3-9474-1A3956D46DE8}") = "src", "src", "{B00CB1C3-2A38-4567-A03F-DA6A05B74217}"
EndProject
Project("{2150E333-8FDC-42A3-9474-1A3956D46DE8}") = "BackEnd", "BackEnd", "{DC23CB70-4F3E-4935-B70F-F7239908715B}"
EndProject
Project("{2150E333-8FDC-42A3-9474-1A3956D46DE8}") = "FrontEnd", "FrontEnd", "{45F6780B-6459-47CE-A445-C4D7E631F03C}"
EndProject
Project("{2150E333-8FDC-42A3-9474-1A3956D46DE8}") = "Common", "Common", "{74D9D2A4-F615-4DF4-8389-8CF451BECD1C}"
EndProject
Project("{2150E333-8FDC-42A3-9474-1A3956D46DE8}") = "Infraestructure", "Infraestructure", "{9B08A5DD-3265-490C-973E-9928770C8B8B}"
EndProject
Project("{9A19103F-16F7-4668-BE54-9A1E7A4F7556}") = "SchoolPro.Common.Data", "SchooolPro.Common.Data\SchoolPro.Common.Data.csproj", "{C6F21A89-799F-4E90-8E1A-0268984BCDC8}"
EndProject
Project("{9A19103F-16F7-4668-BE54-9A1E7A4F7556}") = "Schoolpro.Infraestructure", "Schoolpro.Infraestructure\Schoolpro.Infraestructure.csproj", "{FBFB93C8-FF8B-426B-B8A3-15FA33D93F81}"
EndProject
Project("{2150E333-8FDC-42A3-9474-1A3956D46DE8}") = "Modules", "Modules", "{294EA223-CCD8-4F54-ADEF-C7223C5A4794}"
EndProject
Project("{2150E333-8FDC-42A3-9474-1A3956D46DE8}") = "CatalogoManager", "CatalogoManager", "{8296149D-6617-4D37-B9E3-3EC876F8C270}"
EndProject
Project("{2150E333-8FDC-42A3-9474-1A3956D46DE8}") = "Apis", "Apis", "{3F465AA4-40BF-4E93-923C-F24AFB68C34C}"
EndProject
Project("{2150E333-8FDC-42A3-9474-1A3956D46DE8}") = "Application", "Application", "{FFCB94DB-7F0E-4C1E-929E-270D165CF565}"
EndProject
Project("{2150E333-8FDC-42A3-9474-1A3956D46DE8}") = "Domain", "Domain", "{93BF5F8F-7B28-40DC-8D5D-293CD5A14477}"
EndProject
Project("{2150E333-8FDC-42A3-9474-1A3956D46DE8}") = "Persistence", "Persistence", "{4CF91B69-9439-43B7-BC81-89752B45B589}"
EndProject
Project("{9A19103F-16F7-4668-BE54-9A1E7A4F7556}") = "SchoolPro.Module.Api", "SchoolPro.Categoria.Api\SchoolPro.Module.Api.csproj", "{56FC9604-81B6-4635-8BD3-427979723520}"
EndProject
Project("{9A19103F-16F7-4668-BE54-9A1E7A4F7556}") = "SchoolPro.Modules.Aplication", "SchoolPro.Categoria.Aplication\SchoolPro.Modules.Aplication.csproj", "{9FDE4128-39C3-474E-9F21-B5F635C5A7D7}"
EndProject
Project("{9A19103F-16F7-4668-BE54-9A1E7A4F7556}") = "SchoolPro.Modules.Domain", "SchoolPro.Categoria.Domain\SchoolPro.Modules.Domain.csproj", "{35FC8FD9-8170-4BCB-818D-444584D8A6FA}"
EndProject
Project("{FAE04EC0-301F-11D3-BF4B-00C04F79EFBC}") = "Schoolpro.Modules.Persistence", "Schoolpro.Modules.Persistence\Schoolpro.Modules.Persistence.csproj", "{2A7D09CA-2EF7-450B-8B20-4985743E823B}"
EndProject
Global
	GlobalSection(SolutionConfigurationPlatforms) = preSolution
		Debug|Any CPU = Debug|Any CPU
		Release|Any CPU = Release|Any CPU
	EndGlobalSection
	GlobalSection(ProjectConfigurationPlatforms) = postSolution
		{C6F21A89-799F-4E90-8E1A-0268984BCDC8}.Debug|Any CPU.ActiveCfg = Debug|Any CPU
		{C6F21A89-799F-4E90-8E1A-0268984BCDC8}.Debug|Any CPU.Build.0 = Debug|Any CPU
		{C6F21A89-799F-4E90-8E1A-0268984BCDC8}.Release|Any CPU.ActiveCfg = Release|Any CPU
		{C6F21A89-799F-4E90-8E1A-0268984BCDC8}.Release|Any CPU.Build.0 = Release|Any CPU
		{FBFB93C8-FF8B-426B-B8A3-15FA33D93F81}.Debug|Any CPU.ActiveCfg = Debug|Any CPU
		{FBFB93C8-FF8B-426B-B8A3-15FA33D93F81}.Debug|Any CPU.Build.0 = Debug|Any CPU
		{FBFB93C8-FF8B-426B-B8A3-15FA33D93F81}.Release|Any CPU.ActiveCfg = Release|Any CPU
		{FBFB93C8-FF8B-426B-B8A3-15FA33D93F81}.Release|Any CPU.Build.0 = Release|Any CPU
		{56FC9604-81B6-4635-8BD3-427979723520}.Debug|Any CPU.ActiveCfg = Debug|Any CPU
		{56FC9604-81B6-4635-8BD3-427979723520}.Debug|Any CPU.Build.0 = Debug|Any CPU
		{56FC9604-81B6-4635-8BD3-427979723520}.Release|Any CPU.ActiveCfg = Release|Any CPU
		{56FC9604-81B6-4635-8BD3-427979723520}.Release|Any CPU.Build.0 = Release|Any CPU
		{9FDE4128-39C3-474E-9F21-B5F635C5A7D7}.Debug|Any CPU.ActiveCfg = Debug|Any CPU
		{9FDE4128-39C3-474E-9F21-B5F635C5A7D7}.Debug|Any CPU.Build.0 = Debug|Any CPU
		{9FDE4128-39C3-474E-9F21-B5F635C5A7D7}.Release|Any CPU.ActiveCfg = Release|Any CPU
		{9FDE4128-39C3-474E-9F21-B5F635C5A7D7}.Release|Any CPU.Build.0 = Release|Any CPU
		{35FC8FD9-8170-4BCB-818D-444584D8A6FA}.Debug|Any CPU.ActiveCfg = Debug|Any CPU
		{35FC8FD9-8170-4BCB-818D-444584D8A6FA}.Debug|Any CPU.Build.0 = Debug|Any CPU
		{35FC8FD9-8170-4BCB-818D-444584D8A6FA}.Release|Any CPU.ActiveCfg = Release|Any CPU
		{35FC8FD9-8170-4BCB-818D-444584D8A6FA}.Release|Any CPU.Build.0 = Release|Any CPU
		{2A7D09CA-2EF7-450B-8B20-4985743E823B}.Debug|Any CPU.ActiveCfg = Debug|Any CPU
		{2A7D09CA-2EF7-450B-8B20-4985743E823B}.Debug|Any CPU.Build.0 = Debug|Any CPU
		{2A7D09CA-2EF7-450B-8B20-4985743E823B}.Release|Any CPU.ActiveCfg = Release|Any CPU
		{2A7D09CA-2EF7-450B-8B20-4985743E823B}.Release|Any CPU.Build.0 = Release|Any CPU
	EndGlobalSection
	GlobalSection(SolutionProperties) = preSolution
		HideSolutionNode = FALSE
	EndGlobalSection
	GlobalSection(NestedProjects) = preSolution
		{DC23CB70-4F3E-4935-B70F-F7239908715B} = {B00CB1C3-2A38-4567-A03F-DA6A05B74217}
		{45F6780B-6459-47CE-A445-C4D7E631F03C} = {B00CB1C3-2A38-4567-A03F-DA6A05B74217}
		{74D9D2A4-F615-4DF4-8389-8CF451BECD1C} = {DC23CB70-4F3E-4935-B70F-F7239908715B}
		{9B08A5DD-3265-490C-973E-9928770C8B8B} = {DC23CB70-4F3E-4935-B70F-F7239908715B}
		{C6F21A89-799F-4E90-8E1A-0268984BCDC8} = {74D9D2A4-F615-4DF4-8389-8CF451BECD1C}
		{FBFB93C8-FF8B-426B-B8A3-15FA33D93F81} = {9B08A5DD-3265-490C-973E-9928770C8B8B}
		{294EA223-CCD8-4F54-ADEF-C7223C5A4794} = {DC23CB70-4F3E-4935-B70F-F7239908715B}
		{8296149D-6617-4D37-B9E3-3EC876F8C270} = {294EA223-CCD8-4F54-ADEF-C7223C5A4794}
		{3F465AA4-40BF-4E93-923C-F24AFB68C34C} = {8296149D-6617-4D37-B9E3-3EC876F8C270}
		{FFCB94DB-7F0E-4C1E-929E-270D165CF565} = {8296149D-6617-4D37-B9E3-3EC876F8C270}
		{93BF5F8F-7B28-40DC-8D5D-293CD5A14477} = {8296149D-6617-4D37-B9E3-3EC876F8C270}
		{4CF91B69-9439-43B7-BC81-89752B45B589} = {8296149D-6617-4D37-B9E3-3EC876F8C270}
		{56FC9604-81B6-4635-8BD3-427979723520} = {3F465AA4-40BF-4E93-923C-F24AFB68C34C}
		{9FDE4128-39C3-474E-9F21-B5F635C5A7D7} = {FFCB94DB-7F0E-4C1E-929E-270D165CF565}
		{35FC8FD9-8170-4BCB-818D-444584D8A6FA} = {93BF5F8F-7B28-40DC-8D5D-293CD5A14477}
		{2A7D09CA-2EF7-450B-8B20-4985743E823B} = {4CF91B69-9439-43B7-BC81-89752B45B589}
	EndGlobalSection
	GlobalSection(ExtensibilityGlobals) = postSolution
		SolutionGuid = {DB01D1DC-9055-416F-BC04-A6A9907219A8}
	EndGlobalSection
EndGlobal
